
Microsoft Visual Studio Solution File, Format Version 12.00
# Visual Studio Version 16
VisualStudioVersion = 16.0.29326.143
MinimumVisualStudioVersion = 10.0.40219.1
Project("{FAE04EC0-301F-11D3-BF4B-00C04F79EFBC}") = "PluginHost", "PluginHost.csproj", "{D460BA36-AEAD-4E4E-9A27-FF5BF8E2813D}"
EndProject
Project("{9A19103F-16F7-4668-BE54-9A1E7A4F7556}") = "Contracts", "..\Contracts\Contracts.csproj", "{F13C3AB9-C31C-4FD7-88E0-5D2ECCEF30E9}"
EndProject
Project("{FAE04EC0-301F-11D3-BF4B-00C04F79EFBC}") = "PluginExample", "..\PluginExample\PluginExample.csproj", "{E3AA5819-00A2-43D2-A3C7-8CBD7DDF6768}"
EndProject
Global
	GlobalSection(SolutionConfigurationPlatforms) = preSolution
		Debug|Any CPU = Debug|Any CPU
		Release|Any CPU = Release|Any CPU
	EndGlobalSection
	GlobalSection(ProjectConfigurationPlatforms) = postSolution
		{D460BA36-AEAD-4E4E-9A27-FF5BF8E2813D}.Debug|Any CPU.ActiveCfg = Debug|Any CPU
		{D460BA36-AEAD-4E4E-9A27-FF5BF8E2813D}.Debug|Any CPU.Build.0 = Debug|Any CPU
		{D460BA36-AEAD-4E4E-9A27-FF5BF8E2813D}.Release|Any CPU.ActiveCfg = Release|Any CPU
		{D460BA36-AEAD-4E4E-9A27-FF5BF8E2813D}.Release|Any CPU.Build.0 = Release|Any CPU
		{F13C3AB9-C31C-4FD7-88E0-5D2ECCEF30E9}.Debug|Any CPU.ActiveCfg = Debug|Any CPU
		{F13C3AB9-C31C-4FD7-88E0-5D2ECCEF30E9}.Debug|Any CPU.Build.0 = Debug|Any CPU
		{F13C3AB9-C31C-4FD7-88E0-5D2ECCEF30E9}.Release|Any CPU.ActiveCfg = Release|Any CPU
		{F13C3AB9-C31C-4FD7-88E0-5D2ECCEF30E9}.Release|Any CPU.Build.0 = Release|Any CPU
		{E3AA5819-00A2-43D2-A3C7-8CBD7DDF6768}.Debug|Any CPU.ActiveCfg = Debug|Any CPU
		{E3AA5819-00A2-43D2-A3C7-8CBD7DDF6768}.Debug|Any CPU.Build.0 = Debug|Any CPU
		{E3AA5819-00A2-43D2-A3C7-8CBD7DDF6768}.Release|Any CPU.ActiveCfg = Release|Any CPU
		{E3AA5819-00A2-43D2-A3C7-8CBD7DDF6768}.Release|Any CPU.Build.0 = Release|Any CPU
	EndGlobalSection
	GlobalSection(SolutionProperties) = preSolution
		HideSolutionNode = FALSE
	EndGlobalSection
	GlobalSection(ExtensibilityGlobals) = postSolution
		SolutionGuid = {1CC36451-5B41-4475-B965-0CF51FA4A4B0}
	EndGlobalSection
EndGlobal
